
Microsoft Visual Studio Solution File, Format Version 12.00
# Visual Studio Version 17
VisualStudioVersion = 17.5.33530.505
MinimumVisualStudioVersion = 10.0.40219.1
Project("{FAE04EC0-301F-11D3-BF4B-00C04F79EFBC}") = "SunClouds", "SunClouds\SunClouds.csproj", "{435E13E4-8EA8-4BD2-ADA1-231C976B0623}"
EndProject
Project("{FAE04EC0-301F-11D3-BF4B-00C04F79EFBC}") = "OpenMeteo", "Open-Meteo\OpenMeteo.csproj", "{6DD5005A-B2B7-48D2-933B-223FD13AEE1D}"
EndProject
Global
	GlobalSection(SolutionConfigurationPlatforms) = preSolution
		Debug|Any CPU = Debug|Any CPU
		Release|Any CPU = Release|Any CPU
	EndGlobalSection
	GlobalSection(ProjectConfigurationPlatforms) = postSolution
		{435E13E4-8EA8-4BD2-ADA1-231C976B0623}.Debug|Any CPU.ActiveCfg = Debug|Any CPU
		{435E13E4-8EA8-4BD2-ADA1-231C976B0623}.Debug|Any CPU.Build.0 = Debug|Any CPU
		{435E13E4-8EA8-4BD2-ADA1-231C976B0623}.Release|Any CPU.ActiveCfg = Release|Any CPU
		{435E13E4-8EA8-4BD2-ADA1-231C976B0623}.Release|Any CPU.Build.0 = Release|Any CPU
		{6DD5005A-B2B7-48D2-933B-223FD13AEE1D}.Debug|Any CPU.ActiveCfg = Debug|Any CPU
		{6DD5005A-B2B7-48D2-933B-223FD13AEE1D}.Debug|Any CPU.Build.0 = Debug|Any CPU
		{6DD5005A-B2B7-48D2-933B-223FD13AEE1D}.Release|Any CPU.ActiveCfg = Release|Any CPU
		{6DD5005A-B2B7-48D2-933B-223FD13AEE1D}.Release|Any CPU.Build.0 = Release|Any CPU
	EndGlobalSection
	GlobalSection(SolutionProperties) = preSolution
		HideSolutionNode = FALSE
	EndGlobalSection
	GlobalSection(ExtensibilityGlobals) = postSolution
		SolutionGuid = {63EF9FDE-F74E-4E48-BE2B-2AA1D341DF96}
	EndGlobalSection
EndGlobal
